
Microsoft Visual Studio Solution File, Format Version 12.00
# Visual Studio Version 16
VisualStudioVersion = 16.0.30413.136
MinimumVisualStudioVersion = 10.0.40219.1
Project("{9A19103F-16F7-4668-BE54-9A1E7A4F7556}") = "Calculator", "Calculator\Calculator.csproj", "{3490FDE1-C48D-4F91-B254-5F737272BF7D}"
EndProject
Project("{FAE04EC0-301F-11D3-BF4B-00C04F79EFBC}") = "NUnitTestProject1_Calculator", "NUnitTestProject1_Calculator\NUnitTestProject1_Calculator.csproj", "{7DAA5609-36DA-4871-9D4E-ACD14B6C7318}"
EndProject
Global
	GlobalSection(SolutionConfigurationPlatforms) = preSolution
		Debug|Any CPU = Debug|Any CPU
		Release|Any CPU = Release|Any CPU
	EndGlobalSection
	GlobalSection(ProjectConfigurationPlatforms) = postSolution
		{3490FDE1-C48D-4F91-B254-5F737272BF7D}.Debug|Any CPU.ActiveCfg = Debug|Any CPU
		{3490FDE1-C48D-4F91-B254-5F737272BF7D}.Debug|Any CPU.Build.0 = Debug|Any CPU
		{3490FDE1-C48D-4F91-B254-5F737272BF7D}.Release|Any CPU.ActiveCfg = Release|Any CPU
		{3490FDE1-C48D-4F91-B254-5F737272BF7D}.Release|Any CPU.Build.0 = Release|Any CPU
		{7DAA5609-36DA-4871-9D4E-ACD14B6C7318}.Debug|Any CPU.ActiveCfg = Debug|Any CPU
		{7DAA5609-36DA-4871-9D4E-ACD14B6C7318}.Debug|Any CPU.Build.0 = Debug|Any CPU
		{7DAA5609-36DA-4871-9D4E-ACD14B6C7318}.Release|Any CPU.ActiveCfg = Release|Any CPU
		{7DAA5609-36DA-4871-9D4E-ACD14B6C7318}.Release|Any CPU.Build.0 = Release|Any CPU
	EndGlobalSection
	GlobalSection(SolutionProperties) = preSolution
		HideSolutionNode = FALSE
	EndGlobalSection
	GlobalSection(ExtensibilityGlobals) = postSolution
		SolutionGuid = {83767583-1153-4E19-A1A7-D6618443C82A}
	EndGlobalSection
EndGlobal
